// !$*UTF8*$!
{
	archiveVersion = 1;
	classes = {
	};
	objectVersion = 56;
	objects = {

/* Begin PBXBuildFile section */
		DB6FA5682D9E862800633F8F /* TaskCell.swift in Sources */ = {isa = PBXBuildFile; fileRef = DB6FA5672D9E862800633F8F /* TaskCell.swift */; };
		DB6FA56A2D9E870200633F8F /* AddTaskViewcontoller.swift in Sources */ = {isa = PBXBuildFile; fileRef = DB6FA5692D9E870200633F8F /* AddTaskViewcontoller.swift */; };
		DB6FA56C2D9E886000633F8F /* CategoryDetailViewController.swift in Sources */ = {isa = PBXBuildFile; fileRef = DB6FA56B2D9E886000633F8F /* CategoryDetailViewController.swift */; };
		DB6FA56E2D9E8E8300633F8F /* DatePickerViewController.swift in Sources */ = {isa = PBXBuildFile; fileRef = DB6FA56D2D9E8E8300633F8F /* DatePickerViewController.swift */; };
		DB6FA5712D9FA1FC00633F8F /* Taskraal.xcdatamodeld in Sources */ = {isa = PBXBuildFile; fileRef = DB6FA56F2D9FA1FC00633F8F /* Taskraal.xcdatamodeld */; };
		DB6FA57B2D9FA74400633F8F /* CoreDataManger.swift in Sources */ = {isa = PBXBuildFile; fileRef = DB6FA57A2D9FA74400633F8F /* CoreDataManger.swift */; };
		DBB1FF2C2D75F57700FBA4A7 /* AppDelegate.swift in Sources */ = {isa = PBXBuildFile; fileRef = DBB1FF2B2D75F57700FBA4A7 /* AppDelegate.swift */; };
		DBB1FF2E2D75F57700FBA4A7 /* SceneDelegate.swift in Sources */ = {isa = PBXBuildFile; fileRef = DBB1FF2D2D75F57700FBA4A7 /* SceneDelegate.swift */; };
		DBB1FF332D75F57700FBA4A7 /* Base in Resources */ = {isa = PBXBuildFile; fileRef = DBB1FF322D75F57700FBA4A7 /* Base */; };
		DBB1FF382D75F57900FBA4A7 /* Assets.xcassets in Resources */ = {isa = PBXBuildFile; fileRef = DBB1FF372D75F57900FBA4A7 /* Assets.xcassets */; };
		DBB1FF3B2D75F57900FBA4A7 /* Base in Resources */ = {isa = PBXBuildFile; fileRef = DBB1FF3A2D75F57900FBA4A7 /* Base */; };
		DBB1FF462D75F57900FBA4A7 /* TaskraalTests.swift in Sources */ = {isa = PBXBuildFile; fileRef = DBB1FF452D75F57900FBA4A7 /* TaskraalTests.swift */; };
		DBB1FF502D75F57900FBA4A7 /* TaskraalUITests.swift in Sources */ = {isa = PBXBuildFile; fileRef = DBB1FF4F2D75F57900FBA4A7 /* TaskraalUITests.swift */; };
		DBB1FF522D75F57900FBA4A7 /* TaskraalUITestsLaunchTests.swift in Sources */ = {isa = PBXBuildFile; fileRef = DBB1FF512D75F57900FBA4A7 /* TaskraalUITestsLaunchTests.swift */; };
		DBB1FF642D76079600FBA4A7 /* OnboardingViewController.swift in Sources */ = {isa = PBXBuildFile; fileRef = DBB1FF632D76079600FBA4A7 /* OnboardingViewController.swift */; };
		DBB1FF672D7766F800FBA4A7 /* UIView+Extensions.swift in Sources */ = {isa = PBXBuildFile; fileRef = DBB1FF662D7766F700FBA4A7 /* UIView+Extensions.swift */; };
		DBB1FF692D7769A200FBA4A7 /* OnboardingSlide.swift in Sources */ = {isa = PBXBuildFile; fileRef = DBB1FF682D7769A200FBA4A7 /* OnboardingSlide.swift */; };
		DBB1FF6B2D776EC700FBA4A7 /* OnboardingCollectionViewCell.swift in Sources */ = {isa = PBXBuildFile; fileRef = DBB1FF6A2D776EC700FBA4A7 /* OnboardingCollectionViewCell.swift */; };
		DBB1FFB82D7F52BE00FBA4A7 /* PriorityLevel.swift in Sources */ = {isa = PBXBuildFile; fileRef = DBB1FFB72D7F52BE00FBA4A7 /* PriorityLevel.swift */; };
		DBBF60642D817E1E00465BFF /* MainTabBarController.swift in Sources */ = {isa = PBXBuildFile; fileRef = DBBF60632D817E1E00465BFF /* MainTabBarController.swift */; };
		DBBF60662D81857900465BFF /* TaskViewController.swift in Sources */ = {isa = PBXBuildFile; fileRef = DBBF60652D81857900465BFF /* TaskViewController.swift */; };
		DBBF60682D81859D00465BFF /* CategoriesViewController.swift in Sources */ = {isa = PBXBuildFile; fileRef = DBBF60672D81859D00465BFF /* CategoriesViewController.swift */; };
		DBBF606A2D8185AF00465BFF /* SettingsViewController.swift in Sources */ = {isa = PBXBuildFile; fileRef = DBBF60692D8185AF00465BFF /* SettingsViewController.swift */; };
/* End PBXBuildFile section */

/* Begin PBXContainerItemProxy section */
		DBB1FF422D75F57900FBA4A7 /* PBXContainerItemProxy */ = {
			isa = PBXContainerItemProxy;
			containerPortal = DBB1FF202D75F57600FBA4A7 /* Project object */;
			proxyType = 1;
			remoteGlobalIDString = DBB1FF272D75F57700FBA4A7;
			remoteInfo = Taskraal;
		};
		DBB1FF4C2D75F57900FBA4A7 /* PBXContainerItemProxy */ = {
			isa = PBXContainerItemProxy;
			containerPortal = DBB1FF202D75F57600FBA4A7 /* Project object */;
			proxyType = 1;
			remoteGlobalIDString = DBB1FF272D75F57700FBA4A7;
			remoteInfo = Taskraal;
		};
/* End PBXContainerItemProxy section */

/* Begin PBXFileReference section */
		DB6FA5672D9E862800633F8F /* TaskCell.swift */ = {isa = PBXFileReference; lastKnownFileType = sourcecode.swift; path = TaskCell.swift; sourceTree = "<group>"; };
		DB6FA5692D9E870200633F8F /* AddTaskViewcontoller.swift */ = {isa = PBXFileReference; lastKnownFileType = sourcecode.swift; path = AddTaskViewcontoller.swift; sourceTree = "<group>"; };
		DB6FA56B2D9E886000633F8F /* CategoryDetailViewController.swift */ = {isa = PBXFileReference; lastKnownFileType = sourcecode.swift; path = CategoryDetailViewController.swift; sourceTree = "<group>"; };
		DB6FA56D2D9E8E8300633F8F /* DatePickerViewController.swift */ = {isa = PBXFileReference; lastKnownFileType = sourcecode.swift; path = DatePickerViewController.swift; sourceTree = "<group>"; };
		DB6FA5702D9FA1FC00633F8F /* Taskraal.xcdatamodel */ = {isa = PBXFileReference; lastKnownFileType = wrapper.xcdatamodel; path = Taskraal.xcdatamodel; sourceTree = "<group>"; };
		DB6FA57A2D9FA74400633F8F /* CoreDataManger.swift */ = {isa = PBXFileReference; lastKnownFileType = sourcecode.swift; path = CoreDataManger.swift; sourceTree = "<group>"; };
		DBB1FF282D75F57700FBA4A7 /* Taskraal.app */ = {isa = PBXFileReference; explicitFileType = wrapper.application; includeInIndex = 0; path = Taskraal.app; sourceTree = BUILT_PRODUCTS_DIR; };
		DBB1FF2B2D75F57700FBA4A7 /* AppDelegate.swift */ = {isa = PBXFileReference; lastKnownFileType = sourcecode.swift; path = AppDelegate.swift; sourceTree = "<group>"; };
		DBB1FF2D2D75F57700FBA4A7 /* SceneDelegate.swift */ = {isa = PBXFileReference; lastKnownFileType = sourcecode.swift; path = SceneDelegate.swift; sourceTree = "<group>"; };
		DBB1FF322D75F57700FBA4A7 /* Base */ = {isa = PBXFileReference; lastKnownFileType = file.storyboard; name = Base; path = Base.lproj/Main.storyboard; sourceTree = "<group>"; };
		DBB1FF372D75F57900FBA4A7 /* Assets.xcassets */ = {isa = PBXFileReference; lastKnownFileType = folder.assetcatalog; path = Assets.xcassets; sourceTree = "<group>"; };
		DBB1FF3A2D75F57900FBA4A7 /* Base */ = {isa = PBXFileReference; lastKnownFileType = file.storyboard; name = Base; path = Base.lproj/LaunchScreen.storyboard; sourceTree = "<group>"; };
		DBB1FF3C2D75F57900FBA4A7 /* Info.plist */ = {isa = PBXFileReference; lastKnownFileType = text.plist.xml; path = Info.plist; sourceTree = "<group>"; };
		DBB1FF412D75F57900FBA4A7 /* TaskraalTests.xctest */ = {isa = PBXFileReference; explicitFileType = wrapper.cfbundle; includeInIndex = 0; path = TaskraalTests.xctest; sourceTree = BUILT_PRODUCTS_DIR; };
		DBB1FF452D75F57900FBA4A7 /* TaskraalTests.swift */ = {isa = PBXFileReference; lastKnownFileType = sourcecode.swift; path = TaskraalTests.swift; sourceTree = "<group>"; };
		DBB1FF4B2D75F57900FBA4A7 /* TaskraalUITests.xctest */ = {isa = PBXFileReference; explicitFileType = wrapper.cfbundle; includeInIndex = 0; path = TaskraalUITests.xctest; sourceTree = BUILT_PRODUCTS_DIR; };
		DBB1FF4F2D75F57900FBA4A7 /* TaskraalUITests.swift */ = {isa = PBXFileReference; lastKnownFileType = sourcecode.swift; path = TaskraalUITests.swift; sourceTree = "<group>"; };
		DBB1FF512D75F57900FBA4A7 /* TaskraalUITestsLaunchTests.swift */ = {isa = PBXFileReference; lastKnownFileType = sourcecode.swift; path = TaskraalUITestsLaunchTests.swift; sourceTree = "<group>"; };
		DBB1FF632D76079600FBA4A7 /* OnboardingViewController.swift */ = {isa = PBXFileReference; lastKnownFileType = sourcecode.swift; path = OnboardingViewController.swift; sourceTree = "<group>"; };
		DBB1FF662D7766F700FBA4A7 /* UIView+Extensions.swift */ = {isa = PBXFileReference; lastKnownFileType = sourcecode.swift; path = "UIView+Extensions.swift"; sourceTree = "<group>"; };
		DBB1FF682D7769A200FBA4A7 /* OnboardingSlide.swift */ = {isa = PBXFileReference; lastKnownFileType = sourcecode.swift; path = OnboardingSlide.swift; sourceTree = "<group>"; };
		DBB1FF6A2D776EC700FBA4A7 /* OnboardingCollectionViewCell.swift */ = {isa = PBXFileReference; lastKnownFileType = sourcecode.swift; path = OnboardingCollectionViewCell.swift; sourceTree = "<group>"; };
		DBB1FFB72D7F52BE00FBA4A7 /* PriorityLevel.swift */ = {isa = PBXFileReference; lastKnownFileType = sourcecode.swift; path = PriorityLevel.swift; sourceTree = "<group>"; };
		DBBF60632D817E1E00465BFF /* MainTabBarController.swift */ = {isa = PBXFileReference; lastKnownFileType = sourcecode.swift; path = MainTabBarController.swift; sourceTree = "<group>"; };
		DBBF60652D81857900465BFF /* TaskViewController.swift */ = {isa = PBXFileReference; lastKnownFileType = sourcecode.swift; path = TaskViewController.swift; sourceTree = "<group>"; };
		DBBF60672D81859D00465BFF /* CategoriesViewController.swift */ = {isa = PBXFileReference; lastKnownFileType = sourcecode.swift; path = CategoriesViewController.swift; sourceTree = "<group>"; };
		DBBF60692D8185AF00465BFF /* SettingsViewController.swift */ = {isa = PBXFileReference; lastKnownFileType = sourcecode.swift; path = SettingsViewController.swift; sourceTree = "<group>"; };
/* End PBXFileReference section */

/* Begin PBXFrameworksBuildPhase section */
		DBB1FF252D75F57700FBA4A7 /* Frameworks */ = {
			isa = PBXFrameworksBuildPhase;
			buildActionMask = 2147483647;
			files = (
			);
			runOnlyForDeploymentPostprocessing = 0;
		};
		DBB1FF3E2D75F57900FBA4A7 /* Frameworks */ = {
			isa = PBXFrameworksBuildPhase;
			buildActionMask = 2147483647;
			files = (
			);
			runOnlyForDeploymentPostprocessing = 0;
		};
		DBB1FF482D75F57900FBA4A7 /* Frameworks */ = {
			isa = PBXFrameworksBuildPhase;
			buildActionMask = 2147483647;
			files = (
			);
			runOnlyForDeploymentPostprocessing = 0;
		};
/* End PBXFrameworksBuildPhase section */

/* Begin PBXGroup section */
		DBB1FF1F2D75F57600FBA4A7 = {
			isa = PBXGroup;
			children = (
				DB6FA56F2D9FA1FC00633F8F /* Taskraal.xcdatamodeld */,
				DBB1FF2A2D75F57700FBA4A7 /* Taskraal */,
				DBB1FF442D75F57900FBA4A7 /* TaskraalTests */,
				DBB1FF4E2D75F57900FBA4A7 /* TaskraalUITests */,
				DBB1FF292D75F57700FBA4A7 /* Products */,
			);
			sourceTree = "<group>";
		};
		DBB1FF292D75F57700FBA4A7 /* Products */ = {
			isa = PBXGroup;
			children = (
				DBB1FF282D75F57700FBA4A7 /* Taskraal.app */,
				DBB1FF412D75F57900FBA4A7 /* TaskraalTests.xctest */,
				DBB1FF4B2D75F57900FBA4A7 /* TaskraalUITests.xctest */,
			);
			name = Products;
			sourceTree = "<group>";
		};
		DBB1FF2A2D75F57700FBA4A7 /* Taskraal */ = {
			isa = PBXGroup;
			children = (
				DBB1FF652D760B9500FBA4A7 /* Extensions */,
				DBB1FF612D76065D00FBA4A7 /* CustomViews */,
				DBB1FF5F2D76064000FBA4A7 /* Views */,
				DBB1FF5E2D76063100FBA4A7 /* Models */,
				DBB1FFB92D7F548F00FBA4A7 /* Services */,
				DBBF60622D817D9300465BFF /* Controllers */,
				DBB1FF2B2D75F57700FBA4A7 /* AppDelegate.swift */,
				DBB1FF2D2D75F57700FBA4A7 /* SceneDelegate.swift */,
				DBB1FF312D75F57700FBA4A7 /* Main.storyboard */,
				DBB1FF372D75F57900FBA4A7 /* Assets.xcassets */,
				DBB1FF392D75F57900FBA4A7 /* LaunchScreen.storyboard */,
				DBB1FF3C2D75F57900FBA4A7 /* Info.plist */,
			);
			path = Taskraal;
			sourceTree = "<group>";
		};
		DBB1FF442D75F57900FBA4A7 /* TaskraalTests */ = {
			isa = PBXGroup;
			children = (
				DBB1FF452D75F57900FBA4A7 /* TaskraalTests.swift */,
			);
			path = TaskraalTests;
			sourceTree = "<group>";
		};
		DBB1FF4E2D75F57900FBA4A7 /* TaskraalUITests */ = {
			isa = PBXGroup;
			children = (
				DBB1FF4F2D75F57900FBA4A7 /* TaskraalUITests.swift */,
				DBB1FF512D75F57900FBA4A7 /* TaskraalUITestsLaunchTests.swift */,
			);
			path = TaskraalUITests;
			sourceTree = "<group>";
		};
		DBB1FF5E2D76063100FBA4A7 /* Models */ = {
			isa = PBXGroup;
			children = (
				DBB1FF682D7769A200FBA4A7 /* OnboardingSlide.swift */,
				DBB1FFB72D7F52BE00FBA4A7 /* PriorityLevel.swift */,
			);
			path = Models;
			sourceTree = "<group>";
		};
		DBB1FF5F2D76064000FBA4A7 /* Views */ = {
			isa = PBXGroup;
			children = (
				DBBF60612D817D5200465BFF /* Cells */,
				DBB1FF622D76067700FBA4A7 /* Onboarding */,
			);
			path = Views;
			sourceTree = "<group>";
		};
		DBB1FF612D76065D00FBA4A7 /* CustomViews */ = {
			isa = PBXGroup;
			children = (
			);
			path = CustomViews;
			sourceTree = "<group>";
		};
		DBB1FF622D76067700FBA4A7 /* Onboarding */ = {
			isa = PBXGroup;
			children = (
				DBB1FF632D76079600FBA4A7 /* OnboardingViewController.swift */,
			);
			path = Onboarding;
			sourceTree = "<group>";
		};
		DBB1FF652D760B9500FBA4A7 /* Extensions */ = {
			isa = PBXGroup;
			children = (
				DBB1FF662D7766F700FBA4A7 /* UIView+Extensions.swift */,
			);
			path = Extensions;
			sourceTree = "<group>";
		};
		DBB1FFB92D7F548F00FBA4A7 /* Services */ = {
			isa = PBXGroup;
			children = (
				DB6FA57A2D9FA74400633F8F /* CoreDataManger.swift */,
			);
			path = Services;
			sourceTree = "<group>";
		};
		DBBF60612D817D5200465BFF /* Cells */ = {
			isa = PBXGroup;
			children = (
				DBB1FF6A2D776EC700FBA4A7 /* OnboardingCollectionViewCell.swift */,
				DB6FA5672D9E862800633F8F /* TaskCell.swift */,
			);
			path = Cells;
			sourceTree = "<group>";
		};
		DBBF60622D817D9300465BFF /* Controllers */ = {
			isa = PBXGroup;
			children = (
				DBBF60632D817E1E00465BFF /* MainTabBarController.swift */,
				DBBF60672D81859D00465BFF /* CategoriesViewController.swift */,
				DB6FA56B2D9E886000633F8F /* CategoryDetailViewController.swift */,
				DBBF60692D8185AF00465BFF /* SettingsViewController.swift */,
				DBBF60652D81857900465BFF /* TaskViewController.swift */,
				DB6FA56D2D9E8E8300633F8F /* DatePickerViewController.swift */,
				DB6FA5692D9E870200633F8F /* AddTaskViewcontoller.swift */,
			);
			path = Controllers;
			sourceTree = "<group>";
		};
/* End PBXGroup section */

/* Begin PBXNativeTarget section */
		DBB1FF272D75F57700FBA4A7 /* Taskraal */ = {
			isa = PBXNativeTarget;
			buildConfigurationList = DBB1FF552D75F57900FBA4A7 /* Build configuration list for PBXNativeTarget "Taskraal" */;
			buildPhases = (
				DBB1FF242D75F57700FBA4A7 /* Sources */,
				DBB1FF252D75F57700FBA4A7 /* Frameworks */,
				DBB1FF262D75F57700FBA4A7 /* Resources */,
			);
			buildRules = (
			);
			dependencies = (
			);
			name = Taskraal;
			productName = Taskraal;
			productReference = DBB1FF282D75F57700FBA4A7 /* Taskraal.app */;
			productType = "com.apple.product-type.application";
		};
		DBB1FF402D75F57900FBA4A7 /* TaskraalTests */ = {
			isa = PBXNativeTarget;
			buildConfigurationList = DBB1FF582D75F57900FBA4A7 /* Build configuration list for PBXNativeTarget "TaskraalTests" */;
			buildPhases = (
				DBB1FF3D2D75F57900FBA4A7 /* Sources */,
				DBB1FF3E2D75F57900FBA4A7 /* Frameworks */,
				DBB1FF3F2D75F57900FBA4A7 /* Resources */,
			);
			buildRules = (
			);
			dependencies = (
				DBB1FF432D75F57900FBA4A7 /* PBXTargetDependency */,
			);
			name = TaskraalTests;
			productName = TaskraalTests;
			productReference = DBB1FF412D75F57900FBA4A7 /* TaskraalTests.xctest */;
			productType = "com.apple.product-type.bundle.unit-test";
		};
		DBB1FF4A2D75F57900FBA4A7 /* TaskraalUITests */ = {
			isa = PBXNativeTarget;
			buildConfigurationList = DBB1FF5B2D75F57900FBA4A7 /* Build configuration list for PBXNativeTarget "TaskraalUITests" */;
			buildPhases = (
				DBB1FF472D75F57900FBA4A7 /* Sources */,
				DBB1FF482D75F57900FBA4A7 /* Frameworks */,
				DBB1FF492D75F57900FBA4A7 /* Resources */,
			);
			buildRules = (
			);
			dependencies = (
				DBB1FF4D2D75F57900FBA4A7 /* PBXTargetDependency */,
			);
			name = TaskraalUITests;
			productName = TaskraalUITests;
			productReference = DBB1FF4B2D75F57900FBA4A7 /* TaskraalUITests.xctest */;
			productType = "com.apple.product-type.bundle.ui-testing";
		};
/* End PBXNativeTarget section */

/* Begin PBXProject section */
		DBB1FF202D75F57600FBA4A7 /* Project object */ = {
			isa = PBXProject;
			attributes = {
				BuildIndependentTargetsInParallel = 1;
				LastSwiftUpdateCheck = 1540;
				LastUpgradeCheck = 1540;
				TargetAttributes = {
					DBB1FF272D75F57700FBA4A7 = {
						CreatedOnToolsVersion = 15.4;
					};
					DBB1FF402D75F57900FBA4A7 = {
						CreatedOnToolsVersion = 15.4;
						TestTargetID = DBB1FF272D75F57700FBA4A7;
					};
					DBB1FF4A2D75F57900FBA4A7 = {
						CreatedOnToolsVersion = 15.4;
						TestTargetID = DBB1FF272D75F57700FBA4A7;
					};
				};
			};
			buildConfigurationList = DBB1FF232D75F57600FBA4A7 /* Build configuration list for PBXProject "Taskraal" */;
			compatibilityVersion = "Xcode 14.0";
			developmentRegion = en;
			hasScannedForEncodings = 0;
			knownRegions = (
				en,
				Base,
			);
			mainGroup = DBB1FF1F2D75F57600FBA4A7;
			productRefGroup = DBB1FF292D75F57700FBA4A7 /* Products */;
			projectDirPath = "";
			projectRoot = "";
			targets = (
				DBB1FF272D75F57700FBA4A7 /* Taskraal */,
				DBB1FF402D75F57900FBA4A7 /* TaskraalTests */,
				DBB1FF4A2D75F57900FBA4A7 /* TaskraalUITests */,
			);
		};
/* End PBXProject section */

/* Begin PBXResourcesBuildPhase section */
		DBB1FF262D75F57700FBA4A7 /* Resources */ = {
			isa = PBXResourcesBuildPhase;
			buildActionMask = 2147483647;
			files = (
				DBB1FF382D75F57900FBA4A7 /* Assets.xcassets in Resources */,
				DBB1FF3B2D75F57900FBA4A7 /* Base in Resources */,
				DBB1FF332D75F57700FBA4A7 /* Base in Resources */,
			);
			runOnlyForDeploymentPostprocessing = 0;
		};
		DBB1FF3F2D75F57900FBA4A7 /* Resources */ = {
			isa = PBXResourcesBuildPhase;
			buildActionMask = 2147483647;
			files = (
			);
			runOnlyForDeploymentPostprocessing = 0;
		};
		DBB1FF492D75F57900FBA4A7 /* Resources */ = {
			isa = PBXResourcesBuildPhase;
			buildActionMask = 2147483647;
			files = (
			);
			runOnlyForDeploymentPostprocessing = 0;
		};
/* End PBXResourcesBuildPhase section */

/* Begin PBXSourcesBuildPhase section */
		DBB1FF242D75F57700FBA4A7 /* Sources */ = {
			isa = PBXSourcesBuildPhase;
			buildActionMask = 2147483647;
			files = (
				DB6FA5712D9FA1FC00633F8F /* Taskraal.xcdatamodeld in Sources */,
				DBB1FFB82D7F52BE00FBA4A7 /* PriorityLevel.swift in Sources */,
				DB6FA56C2D9E886000633F8F /* CategoryDetailViewController.swift in Sources */,
				DBBF60682D81859D00465BFF /* CategoriesViewController.swift in Sources */,
				DBBF60662D81857900465BFF /* TaskViewController.swift in Sources */,
				DBBF60642D817E1E00465BFF /* MainTabBarController.swift in Sources */,
				DB6FA56A2D9E870200633F8F /* AddTaskViewcontoller.swift in Sources */,
				DBB1FF642D76079600FBA4A7 /* OnboardingViewController.swift in Sources */,
				DBB1FF672D7766F800FBA4A7 /* UIView+Extensions.swift in Sources */,
				DB6FA5682D9E862800633F8F /* TaskCell.swift in Sources */,
				DBB1FF2C2D75F57700FBA4A7 /* AppDelegate.swift in Sources */,
				DB6FA56E2D9E8E8300633F8F /* DatePickerViewController.swift in Sources */,
				DBB1FF692D7769A200FBA4A7 /* OnboardingSlide.swift in Sources */,
				DB6FA57B2D9FA74400633F8F /* CoreDataManger.swift in Sources */,
				DBBF606A2D8185AF00465BFF /* SettingsViewController.swift in Sources */,
				DBB1FF6B2D776EC700FBA4A7 /* OnboardingCollectionViewCell.swift in Sources */,
				DBB1FF2E2D75F57700FBA4A7 /* SceneDelegate.swift in Sources */,
			);
			runOnlyForDeploymentPostprocessing = 0;
		};
		DBB1FF3D2D75F57900FBA4A7 /* Sources */ = {
			isa = PBXSourcesBuildPhase;
			buildActionMask = 2147483647;
			files = (
				DBB1FF462D75F57900FBA4A7 /* TaskraalTests.swift in Sources */,
			);
			runOnlyForDeploymentPostprocessing = 0;
		};
		DBB1FF472D75F57900FBA4A7 /* Sources */ = {
			isa = PBXSourcesBuildPhase;
			buildActionMask = 2147483647;
			files = (
				DBB1FF522D75F57900FBA4A7 /* TaskraalUITestsLaunchTests.swift in Sources */,
				DBB1FF502D75F57900FBA4A7 /* TaskraalUITests.swift in Sources */,
			);
			runOnlyForDeploymentPostprocessing = 0;
		};
/* End PBXSourcesBuildPhase section */

/* Begin PBXTargetDependency section */
		DBB1FF432D75F57900FBA4A7 /* PBXTargetDependency */ = {
			isa = PBXTargetDependency;
			target = DBB1FF272D75F57700FBA4A7 /* Taskraal */;
			targetProxy = DBB1FF422D75F57900FBA4A7 /* PBXContainerItemProxy */;
		};
		DBB1FF4D2D75F57900FBA4A7 /* PBXTargetDependency */ = {
			isa = PBXTargetDependency;
			target = DBB1FF272D75F57700FBA4A7 /* Taskraal */;
			targetProxy = DBB1FF4C2D75F57900FBA4A7 /* PBXContainerItemProxy */;
		};
/* End PBXTargetDependency section */

/* Begin PBXVariantGroup section */
		DBB1FF312D75F57700FBA4A7 /* Main.storyboard */ = {
			isa = PBXVariantGroup;
			children = (
				DBB1FF322D75F57700FBA4A7 /* Base */,
			);
			name = Main.storyboard;
			sourceTree = "<group>";
		};
		DBB1FF392D75F57900FBA4A7 /* LaunchScreen.storyboard */ = {
			isa = PBXVariantGroup;
			children = (
				DBB1FF3A2D75F57900FBA4A7 /* Base */,
			);
			name = LaunchScreen.storyboard;
			sourceTree = "<group>";
		};
/* End PBXVariantGroup section */

/* Begin XCBuildConfiguration section */
		DBB1FF532D75F57900FBA4A7 /* Debug */ = {
			isa = XCBuildConfiguration;
			buildSettings = {
				ALWAYS_SEARCH_USER_PATHS = NO;
				ASSETCATALOG_COMPILER_GENERATE_SWIFT_ASSET_SYMBOL_EXTENSIONS = YES;
				CLANG_ANALYZER_NONNULL = YES;
				CLANG_ANALYZER_NUMBER_OBJECT_CONVERSION = YES_AGGRESSIVE;
				CLANG_CXX_LANGUAGE_STANDARD = "gnu++20";
				CLANG_ENABLE_MODULES = YES;
				CLANG_ENABLE_OBJC_ARC = YES;
				CLANG_ENABLE_OBJC_WEAK = YES;
				CLANG_WARN_BLOCK_CAPTURE_AUTORELEASING = YES;
				CLANG_WARN_BOOL_CONVERSION = YES;
				CLANG_WARN_COMMA = YES;
				CLANG_WARN_CONSTANT_CONVERSION = YES;
				CLANG_WARN_DEPRECATED_OBJC_IMPLEMENTATIONS = YES;
				CLANG_WARN_DIRECT_OBJC_ISA_USAGE = YES_ERROR;
				CLANG_WARN_DOCUMENTATION_COMMENTS = YES;
				CLANG_WARN_EMPTY_BODY = YES;
				CLANG_WARN_ENUM_CONVERSION = YES;
				CLANG_WARN_INFINITE_RECURSION = YES;
				CLANG_WARN_INT_CONVERSION = YES;
				CLANG_WARN_NON_LITERAL_NULL_CONVERSION = YES;
				CLANG_WARN_OBJC_IMPLICIT_RETAIN_SELF = YES;
				CLANG_WARN_OBJC_LITERAL_CONVERSION = YES;
				CLANG_WARN_OBJC_ROOT_CLASS = YES_ERROR;
				CLANG_WARN_QUOTED_INCLUDE_IN_FRAMEWORK_HEADER = YES;
				CLANG_WARN_RANGE_LOOP_ANALYSIS = YES;
				CLANG_WARN_STRICT_PROTOTYPES = YES;
				CLANG_WARN_SUSPICIOUS_MOVE = YES;
				CLANG_WARN_UNGUARDED_AVAILABILITY = YES_AGGRESSIVE;
				CLANG_WARN_UNREACHABLE_CODE = YES;
				CLANG_WARN__DUPLICATE_METHOD_MATCH = YES;
				COPY_PHASE_STRIP = NO;
				DEBUG_INFORMATION_FORMAT = dwarf;
				ENABLE_STRICT_OBJC_MSGSEND = YES;
				ENABLE_TESTABILITY = YES;
				ENABLE_USER_SCRIPT_SANDBOXING = YES;
				GCC_C_LANGUAGE_STANDARD = gnu17;
				GCC_DYNAMIC_NO_PIC = NO;
				GCC_NO_COMMON_BLOCKS = YES;
				GCC_OPTIMIZATION_LEVEL = 0;
				GCC_PREPROCESSOR_DEFINITIONS = (
					"DEBUG=1",
					"$(inherited)",
				);
				GCC_WARN_64_TO_32_BIT_CONVERSION = YES;
				GCC_WARN_ABOUT_RETURN_TYPE = YES_ERROR;
				GCC_WARN_UNDECLARED_SELECTOR = YES;
				GCC_WARN_UNINITIALIZED_AUTOS = YES_AGGRESSIVE;
				GCC_WARN_UNUSED_FUNCTION = YES;
				GCC_WARN_UNUSED_VARIABLE = YES;
				IPHONEOS_DEPLOYMENT_TARGET = 17.5;
				LOCALIZATION_PREFERS_STRING_CATALOGS = YES;
				MTL_ENABLE_DEBUG_INFO = INCLUDE_SOURCE;
				MTL_FAST_MATH = YES;
				ONLY_ACTIVE_ARCH = YES;
				SDKROOT = iphoneos;
				SWIFT_ACTIVE_COMPILATION_CONDITIONS = "DEBUG $(inherited)";
				SWIFT_OPTIMIZATION_LEVEL = "-Onone";
			};
			name = Debug;
		};
		DBB1FF542D75F57900FBA4A7 /* Release */ = {
			isa = XCBuildConfiguration;
			buildSettings = {
				ALWAYS_SEARCH_USER_PATHS = NO;
				ASSETCATALOG_COMPILER_GENERATE_SWIFT_ASSET_SYMBOL_EXTENSIONS = YES;
				CLANG_ANALYZER_NONNULL = YES;
				CLANG_ANALYZER_NUMBER_OBJECT_CONVERSION = YES_AGGRESSIVE;
				CLANG_CXX_LANGUAGE_STANDARD = "gnu++20";
				CLANG_ENABLE_MODULES = YES;
				CLANG_ENABLE_OBJC_ARC = YES;
				CLANG_ENABLE_OBJC_WEAK = YES;
				CLANG_WARN_BLOCK_CAPTURE_AUTORELEASING = YES;
				CLANG_WARN_BOOL_CONVERSION = YES;
				CLANG_WARN_COMMA = YES;
				CLANG_WARN_CONSTANT_CONVERSION = YES;
				CLANG_WARN_DEPRECATED_OBJC_IMPLEMENTATIONS = YES;
				CLANG_WARN_DIRECT_OBJC_ISA_USAGE = YES_ERROR;
				CLANG_WARN_DOCUMENTATION_COMMENTS = YES;
				CLANG_WARN_EMPTY_BODY = YES;
				CLANG_WARN_ENUM_CONVERSION = YES;
				CLANG_WARN_INFINITE_RECURSION = YES;
				CLANG_WARN_INT_CONVERSION = YES;
				CLANG_WARN_NON_LITERAL_NULL_CONVERSION = YES;
				CLANG_WARN_OBJC_IMPLICIT_RETAIN_SELF = YES;
				CLANG_WARN_OBJC_LITERAL_CONVERSION = YES;
				CLANG_WARN_OBJC_ROOT_CLASS = YES_ERROR;
				CLANG_WARN_QUOTED_INCLUDE_IN_FRAMEWORK_HEADER = YES;
				CLANG_WARN_RANGE_LOOP_ANALYSIS = YES;
				CLANG_WARN_STRICT_PROTOTYPES = YES;
				CLANG_WARN_SUSPICIOUS_MOVE = YES;
				CLANG_WARN_UNGUARDED_AVAILABILITY = YES_AGGRESSIVE;
				CLANG_WARN_UNREACHABLE_CODE = YES;
				CLANG_WARN__DUPLICATE_METHOD_MATCH = YES;
				COPY_PHASE_STRIP = NO;
				DEBUG_INFORMATION_FORMAT = "dwarf-with-dsym";
				ENABLE_NS_ASSERTIONS = NO;
				ENABLE_STRICT_OBJC_MSGSEND = YES;
				ENABLE_USER_SCRIPT_SANDBOXING = YES;
				GCC_C_LANGUAGE_STANDARD = gnu17;
				GCC_NO_COMMON_BLOCKS = YES;
				GCC_WARN_64_TO_32_BIT_CONVERSION = YES;
				GCC_WARN_ABOUT_RETURN_TYPE = YES_ERROR;
				GCC_WARN_UNDECLARED_SELECTOR = YES;
				GCC_WARN_UNINITIALIZED_AUTOS = YES_AGGRESSIVE;
				GCC_WARN_UNUSED_FUNCTION = YES;
				GCC_WARN_UNUSED_VARIABLE = YES;
				IPHONEOS_DEPLOYMENT_TARGET = 17.5;
				LOCALIZATION_PREFERS_STRING_CATALOGS = YES;
				MTL_ENABLE_DEBUG_INFO = NO;
				MTL_FAST_MATH = YES;
				SDKROOT = iphoneos;
				SWIFT_COMPILATION_MODE = wholemodule;
				VALIDATE_PRODUCT = YES;
			};
			name = Release;
		};
		DBB1FF562D75F57900FBA4A7 /* Debug */ = {
			isa = XCBuildConfiguration;
			buildSettings = {
				ASSETCATALOG_COMPILER_APPICON_NAME = AppIcon;
				ASSETCATALOG_COMPILER_GLOBAL_ACCENT_COLOR_NAME = AccentColor;
				CODE_SIGN_STYLE = Automatic;
				CURRENT_PROJECT_VERSION = 1;
				DEVELOPMENT_TEAM = 3LUNZ43L4D;
				GENERATE_INFOPLIST_FILE = YES;
				INFOPLIST_FILE = Taskraal/Info.plist;
				INFOPLIST_KEY_UIApplicationSupportsIndirectInputEvents = YES;
				INFOPLIST_KEY_UILaunchStoryboardName = LaunchScreen;
				INFOPLIST_KEY_UIMainStoryboardFile = Main;
				INFOPLIST_KEY_UISupportedInterfaceOrientations_iPad = "UIInterfaceOrientationPortrait UIInterfaceOrientationPortraitUpsideDown UIInterfaceOrientationLandscapeLeft UIInterfaceOrientationLandscapeRight";
				INFOPLIST_KEY_UISupportedInterfaceOrientations_iPhone = "UIInterfaceOrientationPortrait UIInterfaceOrientationLandscapeLeft UIInterfaceOrientationLandscapeRight";
				LD_RUNPATH_SEARCH_PATHS = (
					"$(inherited)",
					"@executable_path/Frameworks",
				);
				MARKETING_VERSION = 1.0;
				PRODUCT_BUNDLE_IDENTIFIER = com.vaibhav.Taskraal;
				PRODUCT_NAME = "$(TARGET_NAME)";
				SWIFT_EMIT_LOC_STRINGS = YES;
				SWIFT_VERSION = 5.0;
				TARGETED_DEVICE_FAMILY = "1,2";
			};
			name = Debug;
		};
		DBB1FF572D75F57900FBA4A7 /* Release */ = {
			isa = XCBuildConfiguration;
			buildSettings = {
				ASSETCATALOG_COMPILER_APPICON_NAME = AppIcon;
				ASSETCATALOG_COMPILER_GLOBAL_ACCENT_COLOR_NAME = AccentColor;
				CODE_SIGN_STYLE = Automatic;
				CURRENT_PROJECT_VERSION = 1;
				DEVELOPMENT_TEAM = 3LUNZ43L4D;
				GENERATE_INFOPLIST_FILE = YES;
				INFOPLIST_FILE = Taskraal/Info.plist;
				INFOPLIST_KEY_UIApplicationSupportsIndirectInputEvents = YES;
				INFOPLIST_KEY_UILaunchStoryboardName = LaunchScreen;
				INFOPLIST_KEY_UIMainStoryboardFile = Main;
				INFOPLIST_KEY_UISupportedInterfaceOrientations_iPad = "UIInterfaceOrientationPortrait UIInterfaceOrientationPortraitUpsideDown UIInterfaceOrientationLandscapeLeft UIInterfaceOrientationLandscapeRight";
				INFOPLIST_KEY_UISupportedInterfaceOrientations_iPhone = "UIInterfaceOrientationPortrait UIInterfaceOrientationLandscapeLeft UIInterfaceOrientationLandscapeRight";
				LD_RUNPATH_SEARCH_PATHS = (
					"$(inherited)",
					"@executable_path/Frameworks",
				);
				MARKETING_VERSION = 1.0;
				PRODUCT_BUNDLE_IDENTIFIER = com.vaibhav.Taskraal;
				PRODUCT_NAME = "$(TARGET_NAME)";
				SWIFT_EMIT_LOC_STRINGS = YES;
				SWIFT_VERSION = 5.0;
				TARGETED_DEVICE_FAMILY = "1,2";
			};
			name = Release;
		};
		DBB1FF592D75F57900FBA4A7 /* Debug */ = {
			isa = XCBuildConfiguration;
			buildSettings = {
				ALWAYS_EMBED_SWIFT_STANDARD_LIBRARIES = YES;
				BUNDLE_LOADER = "$(TEST_HOST)";
				CODE_SIGN_STYLE = Automatic;
				CURRENT_PROJECT_VERSION = 1;
				DEVELOPMENT_TEAM = 3LUNZ43L4D;
				GENERATE_INFOPLIST_FILE = YES;
				IPHONEOS_DEPLOYMENT_TARGET = 17.5;
				MARKETING_VERSION = 1.0;
				PRODUCT_BUNDLE_IDENTIFIER = com.vaibhav.TaskraalTests;
				PRODUCT_NAME = "$(TARGET_NAME)";
				SWIFT_EMIT_LOC_STRINGS = NO;
				SWIFT_VERSION = 5.0;
				TARGETED_DEVICE_FAMILY = "1,2";
				TEST_HOST = "$(BUILT_PRODUCTS_DIR)/Taskraal.app/$(BUNDLE_EXECUTABLE_FOLDER_PATH)/Taskraal";
			};
			name = Debug;
		};
		DBB1FF5A2D75F57900FBA4A7 /* Release */ = {
			isa = XCBuildConfiguration;
			buildSettings = {
				ALWAYS_EMBED_SWIFT_STANDARD_LIBRARIES = YES;
				BUNDLE_LOADER = "$(TEST_HOST)";
				CODE_SIGN_STYLE = Automatic;
				CURRENT_PROJECT_VERSION = 1;
				DEVELOPMENT_TEAM = 3LUNZ43L4D;
				GENERATE_INFOPLIST_FILE = YES;
				IPHONEOS_DEPLOYMENT_TARGET = 17.5;
				MARKETING_VERSION = 1.0;
				PRODUCT_BUNDLE_IDENTIFIER = com.vaibhav.TaskraalTests;
				PRODUCT_NAME = "$(TARGET_NAME)";
				SWIFT_EMIT_LOC_STRINGS = NO;
				SWIFT_VERSION = 5.0;
				TARGETED_DEVICE_FAMILY = "1,2";
				TEST_HOST = "$(BUILT_PRODUCTS_DIR)/Taskraal.app/$(BUNDLE_EXECUTABLE_FOLDER_PATH)/Taskraal";
			};
			name = Release;
		};
		DBB1FF5C2D75F57900FBA4A7 /* Debug */ = {
			isa = XCBuildConfiguration;
			buildSettings = {
				ALWAYS_EMBED_SWIFT_STANDARD_LIBRARIES = YES;
				CODE_SIGN_STYLE = Automatic;
				CURRENT_PROJECT_VERSION = 1;
				DEVELOPMENT_TEAM = 3LUNZ43L4D;
				GENERATE_INFOPLIST_FILE = YES;
				MARKETING_VERSION = 1.0;
				PRODUCT_BUNDLE_IDENTIFIER = com.vaibhav.TaskraalUITests;
				PRODUCT_NAME = "$(TARGET_NAME)";
				SWIFT_EMIT_LOC_STRINGS = NO;
				SWIFT_VERSION = 5.0;
				TARGETED_DEVICE_FAMILY = "1,2";
				TEST_TARGET_NAME = Taskraal;
			};
			name = Debug;
		};
		DBB1FF5D2D75F57900FBA4A7 /* Release */ = {
			isa = XCBuildConfiguration;
			buildSettings = {
				ALWAYS_EMBED_SWIFT_STANDARD_LIBRARIES = YES;
				CODE_SIGN_STYLE = Automatic;
				CURRENT_PROJECT_VERSION = 1;
				DEVELOPMENT_TEAM = 3LUNZ43L4D;
				GENERATE_INFOPLIST_FILE = YES;
				MARKETING_VERSION = 1.0;
				PRODUCT_BUNDLE_IDENTIFIER = com.vaibhav.TaskraalUITests;
				PRODUCT_NAME = "$(TARGET_NAME)";
				SWIFT_EMIT_LOC_STRINGS = NO;
				SWIFT_VERSION = 5.0;
				TARGETED_DEVICE_FAMILY = "1,2";
				TEST_TARGET_NAME = Taskraal;
			};
			name = Release;
		};
/* End XCBuildConfiguration section */

/* Begin XCConfigurationList section */
		DBB1FF232D75F57600FBA4A7 /* Build configuration list for PBXProject "Taskraal" */ = {
			isa = XCConfigurationList;
			buildConfigurations = (
				DBB1FF532D75F57900FBA4A7 /* Debug */,
				DBB1FF542D75F57900FBA4A7 /* Release */,
			);
			defaultConfigurationIsVisible = 0;
			defaultConfigurationName = Release;
		};
		DBB1FF552D75F57900FBA4A7 /* Build configuration list for PBXNativeTarget "Taskraal" */ = {
			isa = XCConfigurationList;
			buildConfigurations = (
				DBB1FF562D75F57900FBA4A7 /* Debug */,
				DBB1FF572D75F57900FBA4A7 /* Release */,
			);
			defaultConfigurationIsVisible = 0;
			defaultConfigurationName = Release;
		};
		DBB1FF582D75F57900FBA4A7 /* Build configuration list for PBXNativeTarget "TaskraalTests" */ = {
			isa = XCConfigurationList;
			buildConfigurations = (
				DBB1FF592D75F57900FBA4A7 /* Debug */,
				DBB1FF5A2D75F57900FBA4A7 /* Release */,
			);
			defaultConfigurationIsVisible = 0;
			defaultConfigurationName = Release;
		};
		DBB1FF5B2D75F57900FBA4A7 /* Build configuration list for PBXNativeTarget "TaskraalUITests" */ = {
			isa = XCConfigurationList;
			buildConfigurations = (
				DBB1FF5C2D75F57900FBA4A7 /* Debug */,
				DBB1FF5D2D75F57900FBA4A7 /* Release */,
			);
			defaultConfigurationIsVisible = 0;
			defaultConfigurationName = Release;
		};
/* End XCConfigurationList section */

/* Begin XCVersionGroup section */
		DB6FA56F2D9FA1FC00633F8F /* Taskraal.xcdatamodeld */ = {
			isa = XCVersionGroup;
			children = (
				DB6FA5702D9FA1FC00633F8F /* Taskraal.xcdatamodel */,
			);
			currentVersion = DB6FA5702D9FA1FC00633F8F /* Taskraal.xcdatamodel */;
			name = Taskraal.xcdatamodeld;
			path = /Users/vaibhavtiwary/Desktop/Taskraal/Taskraal.xcdatamodeld;
			sourceTree = "<group>";
			versionGroupType = wrapper.xcdatamodel;
		};
/* End XCVersionGroup section */
	};
	rootObject = DBB1FF202D75F57600FBA4A7 /* Project object */;
}
